Microsoft Visual Studio Solution File, Format Version 12.00
# Visual Studio 2012
Project("{FAE04EC0-301F-11D3-BF4B-00C04F79EFBC}") = "LudumDare54", "LudumDare54.csproj", "{773E5D21-B40B-4EA4-A522-71C5FB0C8A59}"
EndProject
Global
	GlobalSection(SolutionConfigurationPlatforms) = preSolution
	Debug|Any CPU = Debug|Any CPU
	ExportDebug|Any CPU = ExportDebug|Any CPU
	ExportRelease|Any CPU = ExportRelease|Any CPU
	EndGlobalSection
	GlobalSection(ProjectConfigurationPlatforms) = postSolution
		{773E5D21-B40B-4EA4-A522-71C5FB0C8A59}.Debug|Any CPU.ActiveCfg = Debug|Any CPU
		{773E5D21-B40B-4EA4-A522-71C5FB0C8A59}.Debug|Any CPU.Build.0 = Debug|Any CPU
		{773E5D21-B40B-4EA4-A522-71C5FB0C8A59}.ExportDebug|Any CPU.ActiveCfg = ExportDebug|Any CPU
		{773E5D21-B40B-4EA4-A522-71C5FB0C8A59}.ExportDebug|Any CPU.Build.0 = ExportDebug|Any CPU
		{773E5D21-B40B-4EA4-A522-71C5FB0C8A59}.ExportRelease|Any CPU.ActiveCfg = ExportRelease|Any CPU
		{773E5D21-B40B-4EA4-A522-71C5FB0C8A59}.ExportRelease|Any CPU.Build.0 = ExportRelease|Any CPU
	EndGlobalSection
EndGlobal
